
Microsoft Visual Studio Solution File, Format Version 12.00
# Visual Studio 2013
VisualStudioVersion = 12.0.30501.0
MinimumVisualStudioVersion = 10.0.40219.1
Project("{FAE04EC0-301F-11D3-BF4B-00C04F79EFBC}") = "Ember_ES.UI", "Ember_ES.UI.csproj", "{C32612AD-479C-4FE7-B551-22FB292413D0}"
EndProject
Project("{2150E333-8FDC-42A3-9474-1A3956D46DE8}") = ".nuget", ".nuget", "{2531BBE7-CB23-480D-AB94-355DF4C25D60}"
	ProjectSection(SolutionItems) = preProject
		.nuget\NuGet.Config = .nuget\NuGet.Config
		.nuget\NuGet.exe = .nuget\NuGet.exe
		.nuget\NuGet.targets = .nuget\NuGet.targets
	EndProjectSection
EndProject
Project("{FAE04EC0-301F-11D3-BF4B-00C04F79EFBC}") = "Ember_ES.Infrastructure", "..\Ember_ES.Infrastructure\Ember_ES.Infrastructure.csproj", "{3B470A18-CA78-4A8C-99B9-08044823FEC0}"
EndProject
Project("{2150E333-8FDC-42A3-9474-1A3956D46DE8}") = "0.Infrastructure", "0.Infrastructure", "{C681E8DF-E653-4DC6-8125-C7F5A22683FB}"
EndProject
Project("{2150E333-8FDC-42A3-9474-1A3956D46DE8}") = "1.Core", "1.Core", "{225A0019-B2BD-4C08-A26C-54493BD57AB1}"
EndProject
Project("{2150E333-8FDC-42A3-9474-1A3956D46DE8}") = "2.Contracts", "2.Contracts", "{E0CB9776-2A8F-4549-A0D3-0B8635B5ADFD}"
EndProject
Project("{2150E333-8FDC-42A3-9474-1A3956D46DE8}") = "3.UI", "3.UI", "{533AD21D-570E-4D16-89E5-0ED2CB3B1D1F}"
EndProject
Project("{FAE04EC0-301F-11D3-BF4B-00C04F79EFBC}") = "Ember_ES.Contracts", "Ember_ES.Contracts\Ember_ES.Contracts.csproj", "{0E6CF133-505B-4D76-87F6-FD68EAAD346E}"
EndProject
Project("{FAE04EC0-301F-11D3-BF4B-00C04F79EFBC}") = "Ember_ES.Core.Write", "Ember_ES.Core.Write\Ember_ES.Core.Write.csproj", "{BA4854BC-9AA8-4E34-86DF-3BBAD6DAE5EC}"
EndProject
Project("{FAE04EC0-301F-11D3-BF4B-00C04F79EFBC}") = "Ember_ES.Core", "Ember_ES.Core\Ember_ES.Core.csproj", "{37AAD6FC-9546-4679-A83B-1FDE67C265D1}"
EndProject
Project("{FAE04EC0-301F-11D3-BF4B-00C04F79EFBC}") = "Ember_ES.Core.Read", "Ember_ES.Core.Read\Ember_ES.Core.Read.csproj", "{2A3CA498-BD2E-4192-B1E9-18D68A0569E1}"
EndProject
Project("{FAE04EC0-301F-11D3-BF4B-00C04F79EFBC}") = "Ember_ES.Events", "Ember_ES.Events\Ember_ES.Events.csproj", "{35215C1E-87FD-4701-8948-8B43C4E79B05}"
EndProject
Global
	GlobalSection(SolutionConfigurationPlatforms) = preSolution
		Debug|Any CPU = Debug|Any CPU
		Release|Any CPU = Release|Any CPU
	EndGlobalSection
	GlobalSection(ProjectConfigurationPlatforms) = postSolution
		{C32612AD-479C-4FE7-B551-22FB292413D0}.Debug|Any CPU.ActiveCfg = Debug|Any CPU
		{C32612AD-479C-4FE7-B551-22FB292413D0}.Debug|Any CPU.Build.0 = Debug|Any CPU
		{C32612AD-479C-4FE7-B551-22FB292413D0}.Release|Any CPU.ActiveCfg = Release|Any CPU
		{C32612AD-479C-4FE7-B551-22FB292413D0}.Release|Any CPU.Build.0 = Release|Any CPU
		{3B470A18-CA78-4A8C-99B9-08044823FEC0}.Debug|Any CPU.ActiveCfg = Debug|Any CPU
		{3B470A18-CA78-4A8C-99B9-08044823FEC0}.Debug|Any CPU.Build.0 = Debug|Any CPU
		{3B470A18-CA78-4A8C-99B9-08044823FEC0}.Release|Any CPU.ActiveCfg = Release|Any CPU
		{3B470A18-CA78-4A8C-99B9-08044823FEC0}.Release|Any CPU.Build.0 = Release|Any CPU
		{0E6CF133-505B-4D76-87F6-FD68EAAD346E}.Debug|Any CPU.ActiveCfg = Debug|Any CPU
		{0E6CF133-505B-4D76-87F6-FD68EAAD346E}.Debug|Any CPU.Build.0 = Debug|Any CPU
		{0E6CF133-505B-4D76-87F6-FD68EAAD346E}.Release|Any CPU.ActiveCfg = Release|Any CPU
		{0E6CF133-505B-4D76-87F6-FD68EAAD346E}.Release|Any CPU.Build.0 = Release|Any CPU
		{BA4854BC-9AA8-4E34-86DF-3BBAD6DAE5EC}.Debug|Any CPU.ActiveCfg = Debug|Any CPU
		{BA4854BC-9AA8-4E34-86DF-3BBAD6DAE5EC}.Debug|Any CPU.Build.0 = Debug|Any CPU
		{BA4854BC-9AA8-4E34-86DF-3BBAD6DAE5EC}.Release|Any CPU.ActiveCfg = Release|Any CPU
		{BA4854BC-9AA8-4E34-86DF-3BBAD6DAE5EC}.Release|Any CPU.Build.0 = Release|Any CPU
		{37AAD6FC-9546-4679-A83B-1FDE67C265D1}.Debug|Any CPU.ActiveCfg = Debug|Any CPU
		{37AAD6FC-9546-4679-A83B-1FDE67C265D1}.Debug|Any CPU.Build.0 = Debug|Any CPU
		{37AAD6FC-9546-4679-A83B-1FDE67C265D1}.Release|Any CPU.ActiveCfg = Release|Any CPU
		{37AAD6FC-9546-4679-A83B-1FDE67C265D1}.Release|Any CPU.Build.0 = Release|Any CPU
		{2A3CA498-BD2E-4192-B1E9-18D68A0569E1}.Debug|Any CPU.ActiveCfg = Debug|Any CPU
		{2A3CA498-BD2E-4192-B1E9-18D68A0569E1}.Debug|Any CPU.Build.0 = Debug|Any CPU
		{2A3CA498-BD2E-4192-B1E9-18D68A0569E1}.Release|Any CPU.ActiveCfg = Release|Any CPU
		{2A3CA498-BD2E-4192-B1E9-18D68A0569E1}.Release|Any CPU.Build.0 = Release|Any CPU
		{35215C1E-87FD-4701-8948-8B43C4E79B05}.Debug|Any CPU.ActiveCfg = Debug|Any CPU
		{35215C1E-87FD-4701-8948-8B43C4E79B05}.Debug|Any CPU.Build.0 = Debug|Any CPU
		{35215C1E-87FD-4701-8948-8B43C4E79B05}.Release|Any CPU.ActiveCfg = Release|Any CPU
		{35215C1E-87FD-4701-8948-8B43C4E79B05}.Release|Any CPU.Build.0 = Release|Any CPU
	EndGlobalSection
	GlobalSection(SolutionProperties) = preSolution
		HideSolutionNode = FALSE
	EndGlobalSection
	GlobalSection(NestedProjects) = preSolution
		{C32612AD-479C-4FE7-B551-22FB292413D0} = {533AD21D-570E-4D16-89E5-0ED2CB3B1D1F}
		{3B470A18-CA78-4A8C-99B9-08044823FEC0} = {C681E8DF-E653-4DC6-8125-C7F5A22683FB}
		{0E6CF133-505B-4D76-87F6-FD68EAAD346E} = {E0CB9776-2A8F-4549-A0D3-0B8635B5ADFD}
		{BA4854BC-9AA8-4E34-86DF-3BBAD6DAE5EC} = {225A0019-B2BD-4C08-A26C-54493BD57AB1}
		{37AAD6FC-9546-4679-A83B-1FDE67C265D1} = {225A0019-B2BD-4C08-A26C-54493BD57AB1}
		{2A3CA498-BD2E-4192-B1E9-18D68A0569E1} = {225A0019-B2BD-4C08-A26C-54493BD57AB1}
		{35215C1E-87FD-4701-8948-8B43C4E79B05} = {E0CB9776-2A8F-4549-A0D3-0B8635B5ADFD}
	EndGlobalSection
EndGlobal
